// !$*UTF8*$!
{
	archiveVersion = 1;
	classes = {
	};
	objectVersion = 60;
	objects = {

/* Begin PBXBuildFile section */
		C543F76F2C1BA0B000CE4C5B /* AccommodationDetails.storyboard in Resources */ = {isa = PBXBuildFile; fileRef = C543F76E2C1BA0B000CE4C5B /* AccommodationDetails.storyboard */; };
		C543F7712C1BA37B00CE4C5B /* Product.swift in Sources */ = {isa = PBXBuildFile; fileRef = C543F7702C1BA37B00CE4C5B /* Product.swift */; };
		C543F7732C1BA4EF00CE4C5B /* ModelStore.swift in Sources */ = {isa = PBXBuildFile; fileRef = C543F7722C1BA4EF00CE4C5B /* ModelStore.swift */; };
		C543F7762C1BA51500CE4C5B /* Category.swift in Sources */ = {isa = PBXBuildFile; fileRef = C543F7752C1BA51500CE4C5B /* Category.swift */; };
		C543F7782C1BA59A00CE4C5B /* Media.swift in Sources */ = {isa = PBXBuildFile; fileRef = C543F7772C1BA59A00CE4C5B /* Media.swift */; };
		C543F77A2C1BA5A600CE4C5B /* Amenity.swift in Sources */ = {isa = PBXBuildFile; fileRef = C543F7792C1BA5A600CE4C5B /* Amenity.swift */; };
		C543F77C2C1BA5F000CE4C5B /* Location.swift in Sources */ = {isa = PBXBuildFile; fileRef = C543F77B2C1BA5F000CE4C5B /* Location.swift */; };
		C543F77E2C1BA60600CE4C5B /* Pagination.swift in Sources */ = {isa = PBXBuildFile; fileRef = C543F77D2C1BA60600CE4C5B /* Pagination.swift */; };
		C543F7802C1BA62D00CE4C5B /* Price.swift in Sources */ = {isa = PBXBuildFile; fileRef = C543F77F2C1BA62D00CE4C5B /* Price.swift */; };
		C543F7822C1BA64700CE4C5B /* Container.swift in Sources */ = {isa = PBXBuildFile; fileRef = C543F7812C1BA64700CE4C5B /* Container.swift */; };
		C543F7862C1BA6B900CE4C5B /* AccommodationDetailsModel.swift in Sources */ = {isa = PBXBuildFile; fileRef = C543F7852C1BA6B800CE4C5B /* AccommodationDetailsModel.swift */; };
		C543F7882C1BA71E00CE4C5B /* AccommodationDetailsConfigurator.swift in Sources */ = {isa = PBXBuildFile; fileRef = C543F7872C1BA71E00CE4C5B /* AccommodationDetailsConfigurator.swift */; };
		C543F78A2C1BA74B00CE4C5B /* AccommodationDetailsInteractor.swift in Sources */ = {isa = PBXBuildFile; fileRef = C543F7892C1BA74B00CE4C5B /* AccommodationDetailsInteractor.swift */; };
		C543F78C2C1BA76800CE4C5B /* AccommodationDetailsRouter.swift in Sources */ = {isa = PBXBuildFile; fileRef = C543F78B2C1BA76800CE4C5B /* AccommodationDetailsRouter.swift */; };
		C543F7902C1BA7D600CE4C5B /* AccommodationDetailsPresenter.swift in Sources */ = {isa = PBXBuildFile; fileRef = C543F78F2C1BA7D600CE4C5B /* AccommodationDetailsPresenter.swift */; };
		C543F7932C1BA83100CE4C5B /* String+readHtml.swift in Sources */ = {isa = PBXBuildFile; fileRef = C543F7922C1BA83100CE4C5B /* String+readHtml.swift */; };
		C543F7952C1BA86700CE4C5B /* NumberFormatter+currencyFormat.swift in Sources */ = {isa = PBXBuildFile; fileRef = C543F7942C1BA86700CE4C5B /* NumberFormatter+currencyFormat.swift */; };
		C543F7972C1BA92900CE4C5B /* UIImageView+loadPhoto.swift in Sources */ = {isa = PBXBuildFile; fileRef = C543F7962C1BA92900CE4C5B /* UIImageView+loadPhoto.swift */; };
		C543F79A2C1BAB3000CE4C5B /* Kingfisher in Frameworks */ = {isa = PBXBuildFile; productRef = C543F7992C1BAB3000CE4C5B /* Kingfisher */; };
		C543F7D22C1BBD4D00CE4C5B /* HUGraphQL in Frameworks */ = {isa = PBXBuildFile; productRef = C543F7D12C1BBD4D00CE4C5B /* HUGraphQL */; };
		C543F7F82C1BCE0400CE4C5B /* SearchLocationCollectionView.swift in Sources */ = {isa = PBXBuildFile; fileRef = C543F7F72C1BCE0400CE4C5B /* SearchLocationCollectionView.swift */; };
		C543F7FA2C1BCE5D00CE4C5B /* SearchLocationsConfigurator.swift in Sources */ = {isa = PBXBuildFile; fileRef = C543F7F92C1BCE5D00CE4C5B /* SearchLocationsConfigurator.swift */; };
		C543F7FC2C1BCE8C00CE4C5B /* SearchLocationModels.swift in Sources */ = {isa = PBXBuildFile; fileRef = C543F7FB2C1BCE8C00CE4C5B /* SearchLocationModels.swift */; };
		C543F7FE2C1BD04A00CE4C5B /* SearchLocationWorker.swift in Sources */ = {isa = PBXBuildFile; fileRef = C543F7FD2C1BD04A00CE4C5B /* SearchLocationWorker.swift */; };
		C543F8002C1BD06100CE4C5B /* SearchLocationPresenter.swift in Sources */ = {isa = PBXBuildFile; fileRef = C543F7FF2C1BD06100CE4C5B /* SearchLocationPresenter.swift */; };
		C543F8022C1BD08000CE4C5B /* SearchLocationInteractor.swift in Sources */ = {isa = PBXBuildFile; fileRef = C543F8012C1BD08000CE4C5B /* SearchLocationInteractor.swift */; };
		C543F8042C1BD0A000CE4C5B /* SearchLocationRouter.swift in Sources */ = {isa = PBXBuildFile; fileRef = C543F8032C1BD0A000CE4C5B /* SearchLocationRouter.swift */; };
		C543F8062C1BD0CA00CE4C5B /* SearchLocationViewController.swift in Sources */ = {isa = PBXBuildFile; fileRef = C543F8052C1BD0CA00CE4C5B /* SearchLocationViewController.swift */; };
		C543F8092C1BD24B00CE4C5B /* SkeletonView in Frameworks */ = {isa = PBXBuildFile; productRef = C543F8082C1BD24B00CE4C5B /* SkeletonView */; };
		C543F80B2C1BD2A300CE4C5B /* UICollectionReusableView+reuseIdentifier.swift in Sources */ = {isa = PBXBuildFile; fileRef = C543F80A2C1BD2A300CE4C5B /* UICollectionReusableView+reuseIdentifier.swift */; };
		C543F8102C1BD72F00CE4C5B /* SearchHotelsConfigurator.swift in Sources */ = {isa = PBXBuildFile; fileRef = C543F80F2C1BD72F00CE4C5B /* SearchHotelsConfigurator.swift */; };
		C543F8122C1BD74300CE4C5B /* SearchHotelsViewController.swift in Sources */ = {isa = PBXBuildFile; fileRef = C543F8112C1BD74300CE4C5B /* SearchHotelsViewController.swift */; };
		C543F8142C1BD75200CE4C5B /* SearchProductModels.swift in Sources */ = {isa = PBXBuildFile; fileRef = C543F8132C1BD75200CE4C5B /* SearchProductModels.swift */; };
		C543F8162C1BD76000CE4C5B /* SearchHotelsInteractor.swift in Sources */ = {isa = PBXBuildFile; fileRef = C543F8152C1BD76000CE4C5B /* SearchHotelsInteractor.swift */; };
		C543F8182C1BD76D00CE4C5B /* SearchHotelsPresenter.swift in Sources */ = {isa = PBXBuildFile; fileRef = C543F8172C1BD76D00CE4C5B /* SearchHotelsPresenter.swift */; };
		C543F81A2C1BD77800CE4C5B /* SearchProductWorker.swift in Sources */ = {isa = PBXBuildFile; fileRef = C543F8192C1BD77800CE4C5B /* SearchProductWorker.swift */; };
		C543F81C2C1BD78600CE4C5B /* SearchHotelsRouter.swift in Sources */ = {isa = PBXBuildFile; fileRef = C543F81B2C1BD78600CE4C5B /* SearchHotelsRouter.swift */; };
		C543F81E2C1BD79200CE4C5B /* NoSearchResultsCollectionViewCell.swift in Sources */ = {isa = PBXBuildFile; fileRef = C543F81D2C1BD79200CE4C5B /* NoSearchResultsCollectionViewCell.swift */; };
		C543F8202C1BD79B00CE4C5B /* EmptyListCollectionViewCell.swift in Sources */ = {isa = PBXBuildFile; fileRef = C543F81F2C1BD79B00CE4C5B /* EmptyListCollectionViewCell.swift */; };
		C543F8222C1BD7A500CE4C5B /* HotelsCollectionViewCell.swift in Sources */ = {isa = PBXBuildFile; fileRef = C543F8212C1BD7A500CE4C5B /* HotelsCollectionViewCell.swift */; };
		C543F8242C1BD80D00CE4C5B /* SearchHotels.storyboard in Resources */ = {isa = PBXBuildFile; fileRef = C543F8232C1BD80D00CE4C5B /* SearchHotels.storyboard */; };
		C543F8262C1BD81500CE4C5B /* NoSearchResultsCollectionViewCell.xib in Resources */ = {isa = PBXBuildFile; fileRef = C543F8252C1BD81500CE4C5B /* NoSearchResultsCollectionViewCell.xib */; };
		C543F8282C1BD81900CE4C5B /* EmptyListCollectionViewCell.xib in Resources */ = {isa = PBXBuildFile; fileRef = C543F8272C1BD81900CE4C5B /* EmptyListCollectionViewCell.xib */; };
		C543F82A2C1BD81E00CE4C5B /* HotelsCollectionViewCell.xib in Resources */ = {isa = PBXBuildFile; fileRef = C543F8292C1BD81E00CE4C5B /* HotelsCollectionViewCell.xib */; };
		C543F82C2C1BDB1000CE4C5B /* UIViewController+fromStoryboard.swift in Sources */ = {isa = PBXBuildFile; fileRef = C543F82B2C1BDB1000CE4C5B /* UIViewController+fromStoryboard.swift */; };
		C543F8342C1BE66B00CE4C5B /* SearchLocation.storyboard in Resources */ = {isa = PBXBuildFile; fileRef = C543F8332C1BE66B00CE4C5B /* SearchLocation.storyboard */; };
		C543F8362C1BE70C00CE4C5B /* SearchLocationCollectionViewCell.xib in Resources */ = {isa = PBXBuildFile; fileRef = C543F8352C1BE70C00CE4C5B /* SearchLocationCollectionViewCell.xib */; };
		C5845CBF2C1A84CD00344EAA /* AppDelegate.swift in Sources */ = {isa = PBXBuildFile; fileRef = C5845CBE2C1A84CD00344EAA /* AppDelegate.swift */; };
		C5845CC12C1A84CD00344EAA /* SceneDelegate.swift in Sources */ = {isa = PBXBuildFile; fileRef = C5845CC02C1A84CD00344EAA /* SceneDelegate.swift */; };
		C5845CC32C1A84CD00344EAA /* AccommodationDetailsViewController.swift in Sources */ = {isa = PBXBuildFile; fileRef = C5845CC22C1A84CD00344EAA /* AccommodationDetailsViewController.swift */; };
		C5845CCB2C1A84CF00344EAA /* Base in Resources */ = {isa = PBXBuildFile; fileRef = C5845CCA2C1A84CF00344EAA /* Base */; };
		C5845CF02C1A86B600344EAA /* Icons.xcassets in Resources */ = {isa = PBXBuildFile; fileRef = C5845CEF2C1A86B600344EAA /* Icons.xcassets */; };
		C5845CF32C1A86FD00344EAA /* Colors.xcassets in Resources */ = {isa = PBXBuildFile; fileRef = C5845CF22C1A86FD00344EAA /* Colors.xcassets */; };
		C5845CF62C1A9FB300344EAA /* HUNetwork in Resources */ = {isa = PBXBuildFile; fileRef = C5845CF42C1A9FB300344EAA /* HUNetwork */; };
		C58ACA842C1E87FE0078524F /* AccommodationDetailsPresenterSpy.swift in Sources */ = {isa = PBXBuildFile; fileRef = C58ACA832C1E87FE0078524F /* AccommodationDetailsPresenterSpy.swift */; };
		C58ACA862C1E896C0078524F /* AccommodationDetailsInteractorTests.swift in Sources */ = {isa = PBXBuildFile; fileRef = C58ACA852C1E896C0078524F /* AccommodationDetailsInteractorTests.swift */; };
		C58ACA882C1E89D10078524F /* AccommodationDetailsViewControllerSpy.swift in Sources */ = {isa = PBXBuildFile; fileRef = C58ACA872C1E89D10078524F /* AccommodationDetailsViewControllerSpy.swift */; };
		C58ACA8A2C1E89E40078524F /* AccommodationDetailsPresenterTest.swift in Sources */ = {isa = PBXBuildFile; fileRef = C58ACA892C1E89E40078524F /* AccommodationDetailsPresenterTest.swift */; };
		C58ACA942C1E92720078524F /* SearchLocationPresenterSpy.swift in Sources */ = {isa = PBXBuildFile; fileRef = C58ACA932C1E92720078524F /* SearchLocationPresenterSpy.swift */; };
		C58ACA962C1E92870078524F /* SearchLocationViewControllerSpy.swift in Sources */ = {isa = PBXBuildFile; fileRef = C58ACA952C1E92870078524F /* SearchLocationViewControllerSpy.swift */; };
		C58ACA982C1E92A20078524F /* SearchLocationWorkerSpy.swift in Sources */ = {isa = PBXBuildFile; fileRef = C58ACA972C1E92A20078524F /* SearchLocationWorkerSpy.swift */; };
		C58ACA9C2C1E92D90078524F /* SearchLocationInteractorTest.swift in Sources */ = {isa = PBXBuildFile; fileRef = C58ACA9B2C1E92D90078524F /* SearchLocationInteractorTest.swift */; };
		C58ACA9E2C1E92E40078524F /* SearchLocationPresenterTest.swift in Sources */ = {isa = PBXBuildFile; fileRef = C58ACA9D2C1E92E40078524F /* SearchLocationPresenterTest.swift */; };
		C58ACAA02C1E950A0078524F /* SearchHotelsPresenterSpy.swift in Sources */ = {isa = PBXBuildFile; fileRef = C58ACA9F2C1E950A0078524F /* SearchHotelsPresenterSpy.swift */; };
		C58ACAA22C1E95210078524F /* SearchHotelsViewControllerSpy.swift in Sources */ = {isa = PBXBuildFile; fileRef = C58ACAA12C1E95210078524F /* SearchHotelsViewControllerSpy.swift */; };
		C58ACAA42C1E95330078524F /* SearchHotelsWorkerSpy.swift in Sources */ = {isa = PBXBuildFile; fileRef = C58ACAA32C1E95330078524F /* SearchHotelsWorkerSpy.swift */; };
		C58ACAA62C1E95720078524F /* SearchHotelsInteractorTest.swift in Sources */ = {isa = PBXBuildFile; fileRef = C58ACAA52C1E95720078524F /* SearchHotelsInteractorTest.swift */; };
		C58ACAA82C1E958A0078524F /* SearchHotelsPresenterTest.swift in Sources */ = {isa = PBXBuildFile; fileRef = C58ACAA72C1E958A0078524F /* SearchHotelsPresenterTest.swift */; };
/* End PBXBuildFile section */

/* Begin PBXContainerItemProxy section */
		C5845CD22C1A84CF00344EAA /* PBXContainerItemProxy */ = {
			isa = PBXContainerItemProxy;
			containerPortal = C5845CB32C1A84CD00344EAA /* Project object */;
			proxyType = 1;
			remoteGlobalIDString = C5845CBA2C1A84CD00344EAA;
			remoteInfo = HurbTravel;
		};
/* End PBXContainerItemProxy section */

/* Begin PBXFileReference section */
		C543F76E2C1BA0B000CE4C5B /* AccommodationDetails.storyboard */ = {isa = PBXFileReference; lastKnownFileType = file.storyboard; path = AccommodationDetails.storyboard; sourceTree = "<group>"; };
		C543F7702C1BA37B00CE4C5B /* Product.swift */ = {isa = PBXFileReference; lastKnownFileType = sourcecode.swift; path = Product.swift; sourceTree = "<group>"; };
		C543F7722C1BA4EF00CE4C5B /* ModelStore.swift */ = {isa = PBXFileReference; lastKnownFileType = sourcecode.swift; path = ModelStore.swift; sourceTree = "<group>"; };
		C543F7752C1BA51500CE4C5B /* Category.swift */ = {isa = PBXFileReference; lastKnownFileType = sourcecode.swift; path = Category.swift; sourceTree = "<group>"; };
		C543F7772C1BA59A00CE4C5B /* Media.swift */ = {isa = PBXFileReference; lastKnownFileType = sourcecode.swift; path = Media.swift; sourceTree = "<group>"; };
		C543F7792C1BA5A600CE4C5B /* Amenity.swift */ = {isa = PBXFileReference; lastKnownFileType = sourcecode.swift; path = Amenity.swift; sourceTree = "<group>"; };
		C543F77B2C1BA5F000CE4C5B /* Location.swift */ = {isa = PBXFileReference; lastKnownFileType = sourcecode.swift; path = Location.swift; sourceTree = "<group>"; };
		C543F77D2C1BA60600CE4C5B /* Pagination.swift */ = {isa = PBXFileReference; lastKnownFileType = sourcecode.swift; path = Pagination.swift; sourceTree = "<group>"; };
		C543F77F2C1BA62D00CE4C5B /* Price.swift */ = {isa = PBXFileReference; lastKnownFileType = sourcecode.swift; path = Price.swift; sourceTree = "<group>"; };
		C543F7812C1BA64700CE4C5B /* Container.swift */ = {isa = PBXFileReference; lastKnownFileType = sourcecode.swift; path = Container.swift; sourceTree = "<group>"; };
		C543F7852C1BA6B800CE4C5B /* AccommodationDetailsModel.swift */ = {isa = PBXFileReference; lastKnownFileType = sourcecode.swift; path = AccommodationDetailsModel.swift; sourceTree = "<group>"; };
		C543F7872C1BA71E00CE4C5B /* AccommodationDetailsConfigurator.swift */ = {isa = PBXFileReference; lastKnownFileType = sourcecode.swift; path = AccommodationDetailsConfigurator.swift; sourceTree = "<group>"; };
		C543F7892C1BA74B00CE4C5B /* AccommodationDetailsInteractor.swift */ = {isa = PBXFileReference; lastKnownFileType = sourcecode.swift; path = AccommodationDetailsInteractor.swift; sourceTree = "<group>"; };
		C543F78B2C1BA76800CE4C5B /* AccommodationDetailsRouter.swift */ = {isa = PBXFileReference; lastKnownFileType = sourcecode.swift; path = AccommodationDetailsRouter.swift; sourceTree = "<group>"; };
		C543F78F2C1BA7D600CE4C5B /* AccommodationDetailsPresenter.swift */ = {isa = PBXFileReference; lastKnownFileType = sourcecode.swift; path = AccommodationDetailsPresenter.swift; sourceTree = "<group>"; };
		C543F7922C1BA83100CE4C5B /* String+readHtml.swift */ = {isa = PBXFileReference; lastKnownFileType = sourcecode.swift; path = "String+readHtml.swift"; sourceTree = "<group>"; };
		C543F7942C1BA86700CE4C5B /* NumberFormatter+currencyFormat.swift */ = {isa = PBXFileReference; lastKnownFileType = sourcecode.swift; path = "NumberFormatter+currencyFormat.swift"; sourceTree = "<group>"; };
		C543F7962C1BA92900CE4C5B /* UIImageView+loadPhoto.swift */ = {isa = PBXFileReference; lastKnownFileType = sourcecode.swift; path = "UIImageView+loadPhoto.swift"; sourceTree = "<group>"; };
		C543F7F72C1BCE0400CE4C5B /* SearchLocationCollectionView.swift */ = {isa = PBXFileReference; lastKnownFileType = sourcecode.swift; path = SearchLocationCollectionView.swift; sourceTree = "<group>"; };
		C543F7F92C1BCE5D00CE4C5B /* SearchLocationsConfigurator.swift */ = {isa = PBXFileReference; lastKnownFileType = sourcecode.swift; path = SearchLocationsConfigurator.swift; sourceTree = "<group>"; };
		C543F7FB2C1BCE8C00CE4C5B /* SearchLocationModels.swift */ = {isa = PBXFileReference; lastKnownFileType = sourcecode.swift; path = SearchLocationModels.swift; sourceTree = "<group>"; };
		C543F7FD2C1BD04A00CE4C5B /* SearchLocationWorker.swift */ = {isa = PBXFileReference; lastKnownFileType = sourcecode.swift; path = SearchLocationWorker.swift; sourceTree = "<group>"; };
		C543F7FF2C1BD06100CE4C5B /* SearchLocationPresenter.swift */ = {isa = PBXFileReference; lastKnownFileType = sourcecode.swift; path = SearchLocationPresenter.swift; sourceTree = "<group>"; };
		C543F8012C1BD08000CE4C5B /* SearchLocationInteractor.swift */ = {isa = PBXFileReference; lastKnownFileType = sourcecode.swift; path = SearchLocationInteractor.swift; sourceTree = "<group>"; };
		C543F8032C1BD0A000CE4C5B /* SearchLocationRouter.swift */ = {isa = PBXFileReference; lastKnownFileType = sourcecode.swift; path = SearchLocationRouter.swift; sourceTree = "<group>"; };
		C543F8052C1BD0CA00CE4C5B /* SearchLocationViewController.swift */ = {isa = PBXFileReference; lastKnownFileType = sourcecode.swift; path = SearchLocationViewController.swift; sourceTree = "<group>"; };
		C543F80A2C1BD2A300CE4C5B /* UICollectionReusableView+reuseIdentifier.swift */ = {isa = PBXFileReference; lastKnownFileType = sourcecode.swift; path = "UICollectionReusableView+reuseIdentifier.swift"; sourceTree = "<group>"; };
		C543F80F2C1BD72F00CE4C5B /* SearchHotelsConfigurator.swift */ = {isa = PBXFileReference; lastKnownFileType = sourcecode.swift; path = SearchHotelsConfigurator.swift; sourceTree = "<group>"; };
		C543F8112C1BD74300CE4C5B /* SearchHotelsViewController.swift */ = {isa = PBXFileReference; lastKnownFileType = sourcecode.swift; path = SearchHotelsViewController.swift; sourceTree = "<group>"; };
		C543F8132C1BD75200CE4C5B /* SearchProductModels.swift */ = {isa = PBXFileReference; lastKnownFileType = sourcecode.swift; path = SearchProductModels.swift; sourceTree = "<group>"; };
		C543F8152C1BD76000CE4C5B /* SearchHotelsInteractor.swift */ = {isa = PBXFileReference; lastKnownFileType = sourcecode.swift; path = SearchHotelsInteractor.swift; sourceTree = "<group>"; };
		C543F8172C1BD76D00CE4C5B /* SearchHotelsPresenter.swift */ = {isa = PBXFileReference; lastKnownFileType = sourcecode.swift; path = SearchHotelsPresenter.swift; sourceTree = "<group>"; };
		C543F8192C1BD77800CE4C5B /* SearchProductWorker.swift */ = {isa = PBXFileReference; lastKnownFileType = sourcecode.swift; path = SearchProductWorker.swift; sourceTree = "<group>"; };
		C543F81B2C1BD78600CE4C5B /* SearchHotelsRouter.swift */ = {isa = PBXFileReference; lastKnownFileType = sourcecode.swift; path = SearchHotelsRouter.swift; sourceTree = "<group>"; };
		C543F81D2C1BD79200CE4C5B /* NoSearchResultsCollectionViewCell.swift */ = {isa = PBXFileReference; lastKnownFileType = sourcecode.swift; path = NoSearchResultsCollectionViewCell.swift; sourceTree = "<group>"; };
		C543F81F2C1BD79B00CE4C5B /* EmptyListCollectionViewCell.swift */ = {isa = PBXFileReference; lastKnownFileType = sourcecode.swift; path = EmptyListCollectionViewCell.swift; sourceTree = "<group>"; };
		C543F8212C1BD7A500CE4C5B /* HotelsCollectionViewCell.swift */ = {isa = PBXFileReference; lastKnownFileType = sourcecode.swift; path = HotelsCollectionViewCell.swift; sourceTree = "<group>"; };
		C543F8232C1BD80D00CE4C5B /* SearchHotels.storyboard */ = {isa = PBXFileReference; fileEncoding = 4; lastKnownFileType = file.storyboard; path = SearchHotels.storyboard; sourceTree = "<group>"; };
		C543F8252C1BD81500CE4C5B /* NoSearchResultsCollectionViewCell.xib */ = {isa = PBXFileReference; fileEncoding = 4; lastKnownFileType = file.xib; path = NoSearchResultsCollectionViewCell.xib; sourceTree = "<group>"; };
		C543F8272C1BD81900CE4C5B /* EmptyListCollectionViewCell.xib */ = {isa = PBXFileReference; fileEncoding = 4; lastKnownFileType = file.xib; path = EmptyListCollectionViewCell.xib; sourceTree = "<group>"; };
		C543F8292C1BD81E00CE4C5B /* HotelsCollectionViewCell.xib */ = {isa = PBXFileReference; fileEncoding = 4; lastKnownFileType = file.xib; path = HotelsCollectionViewCell.xib; sourceTree = "<group>"; };
		C543F82B2C1BDB1000CE4C5B /* UIViewController+fromStoryboard.swift */ = {isa = PBXFileReference; lastKnownFileType = sourcecode.swift; path = "UIViewController+fromStoryboard.swift"; sourceTree = "<group>"; };
		C543F8332C1BE66B00CE4C5B /* SearchLocation.storyboard */ = {isa = PBXFileReference; lastKnownFileType = file.storyboard; path = SearchLocation.storyboard; sourceTree = "<group>"; };
		C543F8352C1BE70C00CE4C5B /* SearchLocationCollectionViewCell.xib */ = {isa = PBXFileReference; fileEncoding = 4; lastKnownFileType = file.xib; path = SearchLocationCollectionViewCell.xib; sourceTree = "<group>"; };
		C5845CBB2C1A84CD00344EAA /* HurbTravel.app */ = {isa = PBXFileReference; explicitFileType = wrapper.application; includeInIndex = 0; path = HurbTravel.app; sourceTree = BUILT_PRODUCTS_DIR; };
		C5845CBE2C1A84CD00344EAA /* AppDelegate.swift */ = {isa = PBXFileReference; lastKnownFileType = sourcecode.swift; path = AppDelegate.swift; sourceTree = "<group>"; };
		C5845CC02C1A84CD00344EAA /* SceneDelegate.swift */ = {isa = PBXFileReference; lastKnownFileType = sourcecode.swift; path = SceneDelegate.swift; sourceTree = "<group>"; };
		C5845CC22C1A84CD00344EAA /* AccommodationDetailsViewController.swift */ = {isa = PBXFileReference; lastKnownFileType = sourcecode.swift; path = AccommodationDetailsViewController.swift; sourceTree = "<group>"; };
		C5845CCA2C1A84CF00344EAA /* Base */ = {isa = PBXFileReference; lastKnownFileType = file.storyboard; name = Base; path = Base.lproj/LaunchScreen.storyboard; sourceTree = "<group>"; };
		C5845CCC2C1A84CF00344EAA /* Info.plist */ = {isa = PBXFileReference; lastKnownFileType = text.plist.xml; path = Info.plist; sourceTree = "<group>"; };
		C5845CD12C1A84CF00344EAA /* HurbTravelTests.xctest */ = {isa = PBXFileReference; explicitFileType = wrapper.cfbundle; includeInIndex = 0; path = HurbTravelTests.xctest; sourceTree = BUILT_PRODUCTS_DIR; };
		C5845CEF2C1A86B600344EAA /* Icons.xcassets */ = {isa = PBXFileReference; lastKnownFileType = folder.assetcatalog; path = Icons.xcassets; sourceTree = "<group>"; };
		C5845CF22C1A86FD00344EAA /* Colors.xcassets */ = {isa = PBXFileReference; lastKnownFileType = folder.assetcatalog; path = Colors.xcassets; sourceTree = "<group>"; };
		C5845CF42C1A9FB300344EAA /* HUNetwork */ = {isa = PBXFileReference; lastKnownFileType = wrapper; path = HUNetwork; sourceTree = "<group>"; };
		C58ACA832C1E87FE0078524F /* AccommodationDetailsPresenterSpy.swift */ = {isa = PBXFileReference; lastKnownFileType = sourcecode.swift; path = AccommodationDetailsPresenterSpy.swift; sourceTree = "<group>"; };
		C58ACA852C1E896C0078524F /* AccommodationDetailsInteractorTests.swift */ = {isa = PBXFileReference; lastKnownFileType = sourcecode.swift; path = AccommodationDetailsInteractorTests.swift; sourceTree = "<group>"; };
		C58ACA872C1E89D10078524F /* AccommodationDetailsViewControllerSpy.swift */ = {isa = PBXFileReference; lastKnownFileType = sourcecode.swift; path = AccommodationDetailsViewControllerSpy.swift; sourceTree = "<group>"; };
		C58ACA892C1E89E40078524F /* AccommodationDetailsPresenterTest.swift */ = {isa = PBXFileReference; lastKnownFileType = sourcecode.swift; path = AccommodationDetailsPresenterTest.swift; sourceTree = "<group>"; };
		C58ACA932C1E92720078524F /* SearchLocationPresenterSpy.swift */ = {isa = PBXFileReference; lastKnownFileType = sourcecode.swift; path = SearchLocationPresenterSpy.swift; sourceTree = "<group>"; };
		C58ACA952C1E92870078524F /* SearchLocationViewControllerSpy.swift */ = {isa = PBXFileReference; lastKnownFileType = sourcecode.swift; path = SearchLocationViewControllerSpy.swift; sourceTree = "<group>"; };
		C58ACA972C1E92A20078524F /* SearchLocationWorkerSpy.swift */ = {isa = PBXFileReference; lastKnownFileType = sourcecode.swift; path = SearchLocationWorkerSpy.swift; sourceTree = "<group>"; };
		C58ACA9B2C1E92D90078524F /* SearchLocationInteractorTest.swift */ = {isa = PBXFileReference; lastKnownFileType = sourcecode.swift; path = SearchLocationInteractorTest.swift; sourceTree = "<group>"; };
		C58ACA9D2C1E92E40078524F /* SearchLocationPresenterTest.swift */ = {isa = PBXFileReference; lastKnownFileType = sourcecode.swift; path = SearchLocationPresenterTest.swift; sourceTree = "<group>"; };
		C58ACA9F2C1E950A0078524F /* SearchHotelsPresenterSpy.swift */ = {isa = PBXFileReference; lastKnownFileType = sourcecode.swift; path = SearchHotelsPresenterSpy.swift; sourceTree = "<group>"; };
		C58ACAA12C1E95210078524F /* SearchHotelsViewControllerSpy.swift */ = {isa = PBXFileReference; lastKnownFileType = sourcecode.swift; path = SearchHotelsViewControllerSpy.swift; sourceTree = "<group>"; };
		C58ACAA32C1E95330078524F /* SearchHotelsWorkerSpy.swift */ = {isa = PBXFileReference; lastKnownFileType = sourcecode.swift; path = SearchHotelsWorkerSpy.swift; sourceTree = "<group>"; };
		C58ACAA52C1E95720078524F /* SearchHotelsInteractorTest.swift */ = {isa = PBXFileReference; lastKnownFileType = sourcecode.swift; path = SearchHotelsInteractorTest.swift; sourceTree = "<group>"; };
		C58ACAA72C1E958A0078524F /* SearchHotelsPresenterTest.swift */ = {isa = PBXFileReference; lastKnownFileType = sourcecode.swift; path = SearchHotelsPresenterTest.swift; sourceTree = "<group>"; };
/* End PBXFileReference section */

/* Begin PBXFrameworksBuildPhase section */
		C5845CB82C1A84CD00344EAA /* Frameworks */ = {
			isa = PBXFrameworksBuildPhase;
			buildActionMask = 2147483647;
			files = (
				C543F79A2C1BAB3000CE4C5B /* Kingfisher in Frameworks */,
				C543F8092C1BD24B00CE4C5B /* SkeletonView in Frameworks */,
				C543F7D22C1BBD4D00CE4C5B /* HUGraphQL in Frameworks */,
			);
			runOnlyForDeploymentPostprocessing = 0;
		};
		C5845CCE2C1A84CF00344EAA /* Frameworks */ = {
			isa = PBXFrameworksBuildPhase;
			buildActionMask = 2147483647;
			files = (
			);
			runOnlyForDeploymentPostprocessing = 0;
		};
/* End PBXFrameworksBuildPhase section */

/* Begin PBXGroup section */
		C512E5CF2C1E080E00DB9CE2 /* Models */ = {
			isa = PBXGroup;
			children = (
				C543F7852C1BA6B800CE4C5B /* AccommodationDetailsModel.swift */,
			);
			path = Models;
			sourceTree = "<group>";
		};
		C512E5D12C1E082500DB9CE2 /* Views */ = {
			isa = PBXGroup;
			children = (
				C543F76E2C1BA0B000CE4C5B /* AccommodationDetails.storyboard */,
			);
			path = Views;
			sourceTree = "<group>";
		};
		C512E5D32C1E085100DB9CE2 /* ViewControllers */ = {
			isa = PBXGroup;
			children = (
				C5845CC22C1A84CD00344EAA /* AccommodationDetailsViewController.swift */,
			);
			path = ViewControllers;
			sourceTree = "<group>";
		};
		C512E5D52C1E1AEE00DB9CE2 /* Models */ = {
			isa = PBXGroup;
			children = (
				C543F7FB2C1BCE8C00CE4C5B /* SearchLocationModels.swift */,
			);
			path = Models;
			sourceTree = "<group>";
		};
		C512E5D62C1E1AF700DB9CE2 /* ViewControllers */ = {
			isa = PBXGroup;
			children = (
				C543F8052C1BD0CA00CE4C5B /* SearchLocationViewController.swift */,
			);
			path = ViewControllers;
			sourceTree = "<group>";
		};
		C512E5D72C1E1B0100DB9CE2 /* Workers */ = {
			isa = PBXGroup;
			children = (
				C543F7FD2C1BD04A00CE4C5B /* SearchLocationWorker.swift */,
			);
			path = Workers;
			sourceTree = "<group>";
		};
		C512E5D92C1E1B3300DB9CE2 /* Views */ = {
			isa = PBXGroup;
			children = (
				C543F7F22C1BCDD700CE4C5B /* Cells */,
				C543F8332C1BE66B00CE4C5B /* SearchLocation.storyboard */,
			);
			path = Views;
			sourceTree = "<group>";
		};
		C512E5DC2C1E629000DB9CE2 /* Views */ = {
			isa = PBXGroup;
			children = (
				C543F80E2C1BD71900CE4C5B /* Cells */,
				C543F8232C1BD80D00CE4C5B /* SearchHotels.storyboard */,
			);
			path = Views;
			sourceTree = "<group>";
		};
		C512E5DD2C1E62A300DB9CE2 /* Models */ = {
			isa = PBXGroup;
			children = (
				C543F8132C1BD75200CE4C5B /* SearchProductModels.swift */,
			);
			path = Models;
			sourceTree = "<group>";
		};
		C512E5DE2C1E62AB00DB9CE2 /* ViewControllers */ = {
			isa = PBXGroup;
			children = (
				C543F8112C1BD74300CE4C5B /* SearchHotelsViewController.swift */,
			);
			path = ViewControllers;
			sourceTree = "<group>";
		};
		C512E5DF2C1E62B600DB9CE2 /* Workers */ = {
			isa = PBXGroup;
			children = (
				C543F8192C1BD77800CE4C5B /* SearchProductWorker.swift */,
			);
			path = Workers;
			sourceTree = "<group>";
		};
		C543F7832C1BA68500CE4C5B /* Scenes */ = {
			isa = PBXGroup;
			children = (
				C543F80D2C1BD70C00CE4C5B /* SearchHotels */,
				C543F7F12C1BCDCB00CE4C5B /* SearchLocation */,
				C543F7842C1BA68D00CE4C5B /* AccommodationDetails */,
			);
			path = Scenes;
			sourceTree = "<group>";
		};
		C543F7842C1BA68D00CE4C5B /* AccommodationDetails */ = {
			isa = PBXGroup;
			children = (
				C512E5D12C1E082500DB9CE2 /* Views */,
				C512E5D32C1E085100DB9CE2 /* ViewControllers */,
				C512E5CF2C1E080E00DB9CE2 /* Models */,
				C543F7872C1BA71E00CE4C5B /* AccommodationDetailsConfigurator.swift */,
				C543F7892C1BA74B00CE4C5B /* AccommodationDetailsInteractor.swift */,
				C543F78B2C1BA76800CE4C5B /* AccommodationDetailsRouter.swift */,
				C543F78F2C1BA7D600CE4C5B /* AccommodationDetailsPresenter.swift */,
			);
			path = AccommodationDetails;
			sourceTree = "<group>";
		};
		C543F7912C1BA82700CE4C5B /* Extensions */ = {
			isa = PBXGroup;
			children = (
				C543F7922C1BA83100CE4C5B /* String+readHtml.swift */,
				C543F7942C1BA86700CE4C5B /* NumberFormatter+currencyFormat.swift */,
				C543F7962C1BA92900CE4C5B /* UIImageView+loadPhoto.swift */,
				C543F80A2C1BD2A300CE4C5B /* UICollectionReusableView+reuseIdentifier.swift */,
				C543F82B2C1BDB1000CE4C5B /* UIViewController+fromStoryboard.swift */,
			);
			path = Extensions;
			sourceTree = "<group>";
		};
		C543F7F12C1BCDCB00CE4C5B /* SearchLocation */ = {
			isa = PBXGroup;
			children = (
				C512E5D92C1E1B3300DB9CE2 /* Views */,
				C512E5D72C1E1B0100DB9CE2 /* Workers */,
				C512E5D62C1E1AF700DB9CE2 /* ViewControllers */,
				C512E5D52C1E1AEE00DB9CE2 /* Models */,
				C543F7F92C1BCE5D00CE4C5B /* SearchLocationsConfigurator.swift */,
				C543F8012C1BD08000CE4C5B /* SearchLocationInteractor.swift */,
				C543F7FF2C1BD06100CE4C5B /* SearchLocationPresenter.swift */,
				C543F8032C1BD0A000CE4C5B /* SearchLocationRouter.swift */,
			);
			path = SearchLocation;
			sourceTree = "<group>";
		};
		C543F7F22C1BCDD700CE4C5B /* Cells */ = {
			isa = PBXGroup;
			children = (
				C543F7F72C1BCE0400CE4C5B /* SearchLocationCollectionView.swift */,
				C543F8352C1BE70C00CE4C5B /* SearchLocationCollectionViewCell.xib */,
			);
			path = Cells;
			sourceTree = "<group>";
		};
		C543F80D2C1BD70C00CE4C5B /* SearchHotels */ = {
			isa = PBXGroup;
			children = (
				C512E5DF2C1E62B600DB9CE2 /* Workers */,
				C512E5DE2C1E62AB00DB9CE2 /* ViewControllers */,
				C512E5DD2C1E62A300DB9CE2 /* Models */,
				C512E5DC2C1E629000DB9CE2 /* Views */,
				C543F80F2C1BD72F00CE4C5B /* SearchHotelsConfigurator.swift */,
				C543F8152C1BD76000CE4C5B /* SearchHotelsInteractor.swift */,
				C543F8172C1BD76D00CE4C5B /* SearchHotelsPresenter.swift */,
				C543F81B2C1BD78600CE4C5B /* SearchHotelsRouter.swift */,
			);
			path = SearchHotels;
			sourceTree = "<group>";
		};
		C543F80E2C1BD71900CE4C5B /* Cells */ = {
			isa = PBXGroup;
			children = (
				C543F8252C1BD81500CE4C5B /* NoSearchResultsCollectionViewCell.xib */,
				C543F81D2C1BD79200CE4C5B /* NoSearchResultsCollectionViewCell.swift */,
				C543F8272C1BD81900CE4C5B /* EmptyListCollectionViewCell.xib */,
				C543F81F2C1BD79B00CE4C5B /* EmptyListCollectionViewCell.swift */,
				C543F8292C1BD81E00CE4C5B /* HotelsCollectionViewCell.xib */,
				C543F8212C1BD7A500CE4C5B /* HotelsCollectionViewCell.swift */,
			);
			path = Cells;
			sourceTree = "<group>";
		};
		C5845CB22C1A84CD00344EAA = {
			isa = PBXGroup;
			children = (
				C5845CF52C1A9FB300344EAA /* Modules */,
				C5845CBD2C1A84CD00344EAA /* HurbTravel */,
				C5845CD42C1A84CF00344EAA /* HurbTravelTests */,
				C5845CBC2C1A84CD00344EAA /* Products */,
			);
			sourceTree = "<group>";
		};
		C5845CBC2C1A84CD00344EAA /* Products */ = {
			isa = PBXGroup;
			children = (
				C5845CBB2C1A84CD00344EAA /* HurbTravel.app */,
				C5845CD12C1A84CF00344EAA /* HurbTravelTests.xctest */,
			);
			name = Products;
			sourceTree = "<group>";
		};
		C5845CBD2C1A84CD00344EAA /* HurbTravel */ = {
			isa = PBXGroup;
			children = (
				C543F7912C1BA82700CE4C5B /* Extensions */,
				C543F7832C1BA68500CE4C5B /* Scenes */,
				C594DA092C1AA8C8005EB1A5 /* Models */,
				C5845CEE2C1A869500344EAA /* Resources */,
				C5845CBE2C1A84CD00344EAA /* AppDelegate.swift */,
				C5845CC02C1A84CD00344EAA /* SceneDelegate.swift */,
				C5845CCC2C1A84CF00344EAA /* Info.plist */,
			);
			path = HurbTravel;
			sourceTree = "<group>";
		};
		C5845CD42C1A84CF00344EAA /* HurbTravelTests */ = {
			isa = PBXGroup;
			children = (
				C58ACA8E2C1E91730078524F /* SearchHotelTests */,
				C58ACA8D2C1E91530078524F /* SearchLocationTests */,
				C58ACA7E2C1E834F0078524F /* AccommodationDetailsTests */,
			);
			path = HurbTravelTests;
			sourceTree = "<group>";
		};
		C5845CEE2C1A869500344EAA /* Resources */ = {
			isa = PBXGroup;
			children = (
				C5845CC92C1A84CF00344EAA /* LaunchScreen.storyboard */,
				C5845CF22C1A86FD00344EAA /* Colors.xcassets */,
				C5845CEF2C1A86B600344EAA /* Icons.xcassets */,
			);
			path = Resources;
			sourceTree = "<group>";
		};
		C5845CF52C1A9FB300344EAA /* Modules */ = {
			isa = PBXGroup;
			children = (
				C5845CF42C1A9FB300344EAA /* HUNetwork */,
			);
			path = Modules;
			sourceTree = SOURCE_ROOT;
		};
		C58ACA732C1E80E40078524F /* Spy */ = {
			isa = PBXGroup;
			children = (
				C58ACA832C1E87FE0078524F /* AccommodationDetailsPresenterSpy.swift */,
				C58ACA872C1E89D10078524F /* AccommodationDetailsViewControllerSpy.swift */,
			);
			path = Spy;
			sourceTree = "<group>";
		};
		C58ACA762C1E81500078524F /* UnitTests */ = {
			isa = PBXGroup;
			children = (
				C58ACA852C1E896C0078524F /* AccommodationDetailsInteractorTests.swift */,
				C58ACA892C1E89E40078524F /* AccommodationDetailsPresenterTest.swift */,
			);
			path = UnitTests;
			sourceTree = "<group>";
		};
		C58ACA7E2C1E834F0078524F /* AccommodationDetailsTests */ = {
			isa = PBXGroup;
			children = (
				C58ACA732C1E80E40078524F /* Spy */,
				C58ACA762C1E81500078524F /* UnitTests */,
			);
			path = AccommodationDetailsTests;
			sourceTree = "<group>";
		};
		C58ACA8D2C1E91530078524F /* SearchLocationTests */ = {
			isa = PBXGroup;
			children = (
				C58ACA8F2C1E91920078524F /* Spy */,
				C58ACA902C1E91970078524F /* UnitTests */,
			);
			path = SearchLocationTests;
			sourceTree = "<group>";
		};
		C58ACA8E2C1E91730078524F /* SearchHotelTests */ = {
			isa = PBXGroup;
			children = (
				C58ACA912C1E919C0078524F /* Spy */,
				C58ACA922C1E91A00078524F /* UnitTests */,
			);
			path = SearchHotelTests;
			sourceTree = "<group>";
		};
		C58ACA8F2C1E91920078524F /* Spy */ = {
			isa = PBXGroup;
			children = (
				C58ACA932C1E92720078524F /* SearchLocationPresenterSpy.swift */,
				C58ACA952C1E92870078524F /* SearchLocationViewControllerSpy.swift */,
				C58ACA972C1E92A20078524F /* SearchLocationWorkerSpy.swift */,
			);
			path = Spy;
			sourceTree = "<group>";
		};
		C58ACA902C1E91970078524F /* UnitTests */ = {
			isa = PBXGroup;
			children = (
				C58ACA9B2C1E92D90078524F /* SearchLocationInteractorTest.swift */,
				C58ACA9D2C1E92E40078524F /* SearchLocationPresenterTest.swift */,
			);
			path = UnitTests;
			sourceTree = "<group>";
		};
		C58ACA912C1E919C0078524F /* Spy */ = {
			isa = PBXGroup;
			children = (
				C58ACA9F2C1E950A0078524F /* SearchHotelsPresenterSpy.swift */,
				C58ACAA12C1E95210078524F /* SearchHotelsViewControllerSpy.swift */,
				C58ACAA32C1E95330078524F /* SearchHotelsWorkerSpy.swift */,
			);
			path = Spy;
			sourceTree = "<group>";
		};
		C58ACA922C1E91A00078524F /* UnitTests */ = {
			isa = PBXGroup;
			children = (
				C58ACAA52C1E95720078524F /* SearchHotelsInteractorTest.swift */,
				C58ACAA72C1E958A0078524F /* SearchHotelsPresenterTest.swift */,
			);
			path = UnitTests;
			sourceTree = "<group>";
		};
		C594DA092C1AA8C8005EB1A5 /* Models */ = {
			isa = PBXGroup;
			children = (
				C543F7702C1BA37B00CE4C5B /* Product.swift */,
				C543F7722C1BA4EF00CE4C5B /* ModelStore.swift */,
				C543F7772C1BA59A00CE4C5B /* Media.swift */,
				C543F7752C1BA51500CE4C5B /* Category.swift */,
				C543F7792C1BA5A600CE4C5B /* Amenity.swift */,
				C543F77B2C1BA5F000CE4C5B /* Location.swift */,
				C543F77D2C1BA60600CE4C5B /* Pagination.swift */,
				C543F77F2C1BA62D00CE4C5B /* Price.swift */,
				C543F7812C1BA64700CE4C5B /* Container.swift */,
			);
			path = Models;
			sourceTree = "<group>";
		};
/* End PBXGroup section */

/* Begin PBXNativeTarget section */
		C5845CBA2C1A84CD00344EAA /* HurbTravel */ = {
			isa = PBXNativeTarget;
			buildConfigurationList = C5845CE52C1A84CF00344EAA /* Build configuration list for PBXNativeTarget "HurbTravel" */;
			buildPhases = (
				C5845CB72C1A84CD00344EAA /* Sources */,
				C5845CB82C1A84CD00344EAA /* Frameworks */,
				C5845CB92C1A84CD00344EAA /* Resources */,
			);
			buildRules = (
			);
			dependencies = (
			);
			name = HurbTravel;
			packageProductDependencies = (
				C543F7992C1BAB3000CE4C5B /* Kingfisher */,
				C543F7D12C1BBD4D00CE4C5B /* HUGraphQL */,
				C543F8082C1BD24B00CE4C5B /* SkeletonView */,
			);
			productName = HurbTravel;
			productReference = C5845CBB2C1A84CD00344EAA /* HurbTravel.app */;
			productType = "com.apple.product-type.application";
		};
		C5845CD02C1A84CF00344EAA /* HurbTravelTests */ = {
			isa = PBXNativeTarget;
			buildConfigurationList = C5845CE82C1A84CF00344EAA /* Build configuration list for PBXNativeTarget "HurbTravelTests" */;
			buildPhases = (
				C5845CCD2C1A84CF00344EAA /* Sources */,
				C5845CCE2C1A84CF00344EAA /* Frameworks */,
				C5845CCF2C1A84CF00344EAA /* Resources */,
			);
			buildRules = (
			);
			dependencies = (
				C5845CD32C1A84CF00344EAA /* PBXTargetDependency */,
			);
			name = HurbTravelTests;
			productName = HurbTravelTests;
			productReference = C5845CD12C1A84CF00344EAA /* HurbTravelTests.xctest */;
			productType = "com.apple.product-type.bundle.unit-test";
		};
/* End PBXNativeTarget section */

/* Begin PBXProject section */
		C5845CB32C1A84CD00344EAA /* Project object */ = {
			isa = PBXProject;
			attributes = {
				BuildIndependentTargetsInParallel = 1;
				LastSwiftUpdateCheck = 1530;
				LastUpgradeCheck = 1530;
				TargetAttributes = {
					C5845CBA2C1A84CD00344EAA = {
						CreatedOnToolsVersion = 15.3;
					};
					C5845CD02C1A84CF00344EAA = {
						CreatedOnToolsVersion = 15.3;
						TestTargetID = C5845CBA2C1A84CD00344EAA;
					};
				};
			};
			buildConfigurationList = C5845CB62C1A84CD00344EAA /* Build configuration list for PBXProject "HurbTravel" */;
			compatibilityVersion = "Xcode 14.0";
			developmentRegion = en;
			hasScannedForEncodings = 0;
			knownRegions = (
				en,
				Base,
			);
			mainGroup = C5845CB22C1A84CD00344EAA;
			packageReferences = (
				C543F7982C1BAB3000CE4C5B /* XCRemoteSwiftPackageReference "Kingfisher" */,
				C543F7D02C1BBD4D00CE4C5B /* XCLocalSwiftPackageReference "Modules/HUNetwork" */,
				C543F8072C1BD24B00CE4C5B /* XCRemoteSwiftPackageReference "SkeletonView" */,
			);
			productRefGroup = C5845CBC2C1A84CD00344EAA /* Products */;
			projectDirPath = "";
			projectRoot = "";
			targets = (
				C5845CBA2C1A84CD00344EAA /* HurbTravel */,
				C5845CD02C1A84CF00344EAA /* HurbTravelTests */,
			);
		};
/* End PBXProject section */

/* Begin PBXResourcesBuildPhase section */
		C5845CB92C1A84CD00344EAA /* Resources */ = {
			isa = PBXResourcesBuildPhase;
			buildActionMask = 2147483647;
			files = (
				C543F8342C1BE66B00CE4C5B /* SearchLocation.storyboard in Resources */,
				C5845CCB2C1A84CF00344EAA /* Base in Resources */,
				C543F8362C1BE70C00CE4C5B /* SearchLocationCollectionViewCell.xib in Resources */,
				C543F82A2C1BD81E00CE4C5B /* HotelsCollectionViewCell.xib in Resources */,
				C5845CF62C1A9FB300344EAA /* HUNetwork in Resources */,
				C543F76F2C1BA0B000CE4C5B /* AccommodationDetails.storyboard in Resources */,
				C543F8282C1BD81900CE4C5B /* EmptyListCollectionViewCell.xib in Resources */,
				C543F8262C1BD81500CE4C5B /* NoSearchResultsCollectionViewCell.xib in Resources */,
				C5845CF32C1A86FD00344EAA /* Colors.xcassets in Resources */,
				C543F8242C1BD80D00CE4C5B /* SearchHotels.storyboard in Resources */,
				C5845CF02C1A86B600344EAA /* Icons.xcassets in Resources */,
			);
			runOnlyForDeploymentPostprocessing = 0;
		};
		C5845CCF2C1A84CF00344EAA /* Resources */ = {
			isa = PBXResourcesBuildPhase;
			buildActionMask = 2147483647;
			files = (
			);
			runOnlyForDeploymentPostprocessing = 0;
		};
/* End PBXResourcesBuildPhase section */

/* Begin PBXSourcesBuildPhase section */
		C5845CB72C1A84CD00344EAA /* Sources */ = {
			isa = PBXSourcesBuildPhase;
			buildActionMask = 2147483647;
			files = (
				C543F7932C1BA83100CE4C5B /* String+readHtml.swift in Sources */,
				C543F8042C1BD0A000CE4C5B /* SearchLocationRouter.swift in Sources */,
				C543F7952C1BA86700CE4C5B /* NumberFormatter+currencyFormat.swift in Sources */,
				C5845CC32C1A84CD00344EAA /* AccommodationDetailsViewController.swift in Sources */,
				C543F8022C1BD08000CE4C5B /* SearchLocationInteractor.swift in Sources */,
				C543F7712C1BA37B00CE4C5B /* Product.swift in Sources */,
				C543F81E2C1BD79200CE4C5B /* NoSearchResultsCollectionViewCell.swift in Sources */,
				C543F7862C1BA6B900CE4C5B /* AccommodationDetailsModel.swift in Sources */,
				C543F8142C1BD75200CE4C5B /* SearchProductModels.swift in Sources */,
				C543F7FA2C1BCE5D00CE4C5B /* SearchLocationsConfigurator.swift in Sources */,
				C543F7782C1BA59A00CE4C5B /* Media.swift in Sources */,
				C543F82C2C1BDB1000CE4C5B /* UIViewController+fromStoryboard.swift in Sources */,
				C543F8062C1BD0CA00CE4C5B /* SearchLocationViewController.swift in Sources */,
				C543F78A2C1BA74B00CE4C5B /* AccommodationDetailsInteractor.swift in Sources */,
				C5845CBF2C1A84CD00344EAA /* AppDelegate.swift in Sources */,
				C543F8202C1BD79B00CE4C5B /* EmptyListCollectionViewCell.swift in Sources */,
				C543F80B2C1BD2A300CE4C5B /* UICollectionReusableView+reuseIdentifier.swift in Sources */,
				C543F77C2C1BA5F000CE4C5B /* Location.swift in Sources */,
				C543F8102C1BD72F00CE4C5B /* SearchHotelsConfigurator.swift in Sources */,
				C543F8182C1BD76D00CE4C5B /* SearchHotelsPresenter.swift in Sources */,
				C543F7822C1BA64700CE4C5B /* Container.swift in Sources */,
				C543F7732C1BA4EF00CE4C5B /* ModelStore.swift in Sources */,
				C5845CC12C1A84CD00344EAA /* SceneDelegate.swift in Sources */,
				C543F8162C1BD76000CE4C5B /* SearchHotelsInteractor.swift in Sources */,
				C543F8002C1BD06100CE4C5B /* SearchLocationPresenter.swift in Sources */,
				C543F77E2C1BA60600CE4C5B /* Pagination.swift in Sources */,
				C543F7802C1BA62D00CE4C5B /* Price.swift in Sources */,
				C543F8122C1BD74300CE4C5B /* SearchHotelsViewController.swift in Sources */,
				C543F7902C1BA7D600CE4C5B /* AccommodationDetailsPresenter.swift in Sources */,
				C543F7FE2C1BD04A00CE4C5B /* SearchLocationWorker.swift in Sources */,
				C543F7972C1BA92900CE4C5B /* UIImageView+loadPhoto.swift in Sources */,
				C543F7762C1BA51500CE4C5B /* Category.swift in Sources */,
				C543F78C2C1BA76800CE4C5B /* AccommodationDetailsRouter.swift in Sources */,
				C543F81C2C1BD78600CE4C5B /* SearchHotelsRouter.swift in Sources */,
				C543F7FC2C1BCE8C00CE4C5B /* SearchLocationModels.swift in Sources */,
				C543F7882C1BA71E00CE4C5B /* AccommodationDetailsConfigurator.swift in Sources */,
				C543F8222C1BD7A500CE4C5B /* HotelsCollectionViewCell.swift in Sources */,
				C543F81A2C1BD77800CE4C5B /* SearchProductWorker.swift in Sources */,
				C543F77A2C1BA5A600CE4C5B /* Amenity.swift in Sources */,
				C543F7F82C1BCE0400CE4C5B /* SearchLocationCollectionView.swift in Sources */,
			);
			runOnlyForDeploymentPostprocessing = 0;
		};
		C5845CCD2C1A84CF00344EAA /* Sources */ = {
			isa = PBXSourcesBuildPhase;
			buildActionMask = 2147483647;
			files = (
				C58ACAA62C1E95720078524F /* SearchHotelsInteractorTest.swift in Sources */,
				C58ACAA22C1E95210078524F /* SearchHotelsViewControllerSpy.swift in Sources */,
				C58ACA842C1E87FE0078524F /* AccommodationDetailsPresenterSpy.swift in Sources */,
				C58ACAA02C1E950A0078524F /* SearchHotelsPresenterSpy.swift in Sources */,
				C58ACA962C1E92870078524F /* SearchLocationViewControllerSpy.swift in Sources */,
				C58ACA9C2C1E92D90078524F /* SearchLocationInteractorTest.swift in Sources */,
				C58ACAA82C1E958A0078524F /* SearchHotelsPresenterTest.swift in Sources */,
				C58ACA982C1E92A20078524F /* SearchLocationWorkerSpy.swift in Sources */,
				C58ACA882C1E89D10078524F /* AccommodationDetailsViewControllerSpy.swift in Sources */,
				C58ACA9E2C1E92E40078524F /* SearchLocationPresenterTest.swift in Sources */,
				C58ACA8A2C1E89E40078524F /* AccommodationDetailsPresenterTest.swift in Sources */,
				C58ACA862C1E896C0078524F /* AccommodationDetailsInteractorTests.swift in Sources */,
				C58ACAA42C1E95330078524F /* SearchHotelsWorkerSpy.swift in Sources */,
				C58ACA942C1E92720078524F /* SearchLocationPresenterSpy.swift in Sources */,
			);
			runOnlyForDeploymentPostprocessing = 0;
		};
/* End PBXSourcesBuildPhase section */

/* Begin PBXTargetDependency section */
		C5845CD32C1A84CF00344EAA /* PBXTargetDependency */ = {
			isa = PBXTargetDependency;
			target = C5845CBA2C1A84CD00344EAA /* HurbTravel */;
			targetProxy = C5845CD22C1A84CF00344EAA /* PBXContainerItemProxy */;
		};
/* End PBXTargetDependency section */

/* Begin PBXVariantGroup section */
		C5845CC92C1A84CF00344EAA /* LaunchScreen.storyboard */ = {
			isa = PBXVariantGroup;
			children = (
				C5845CCA2C1A84CF00344EAA /* Base */,
			);
			name = LaunchScreen.storyboard;
			sourceTree = "<group>";
		};
/* End PBXVariantGroup section */

/* Begin XCBuildConfiguration section */
		C5845CE32C1A84CF00344EAA /* Debug */ = {
			isa = XCBuildConfiguration;
			buildSettings = {
				ALWAYS_SEARCH_USER_PATHS = NO;
				ASSETCATALOG_COMPILER_GENERATE_SWIFT_ASSET_SYMBOL_EXTENSIONS = YES;
				CLANG_ANALYZER_NONNULL = YES;
				CLANG_ANALYZER_NUMBER_OBJECT_CONVERSION = YES_AGGRESSIVE;
				CLANG_CXX_LANGUAGE_STANDARD = "gnu++20";
				CLANG_ENABLE_MODULES = YES;
				CLANG_ENABLE_OBJC_ARC = YES;
				CLANG_ENABLE_OBJC_WEAK = YES;
				CLANG_WARN_BLOCK_CAPTURE_AUTORELEASING = YES;
				CLANG_WARN_BOOL_CONVERSION = YES;
				CLANG_WARN_COMMA = YES;
				CLANG_WARN_CONSTANT_CONVERSION = YES;
				CLANG_WARN_DEPRECATED_OBJC_IMPLEMENTATIONS = YES;
				CLANG_WARN_DIRECT_OBJC_ISA_USAGE = YES_ERROR;
				CLANG_WARN_DOCUMENTATION_COMMENTS = YES;
				CLANG_WARN_EMPTY_BODY = YES;
				CLANG_WARN_ENUM_CONVERSION = YES;
				CLANG_WARN_INFINITE_RECURSION = YES;
				CLANG_WARN_INT_CONVERSION = YES;
				CLANG_WARN_NON_LITERAL_NULL_CONVERSION = YES;
				CLANG_WARN_OBJC_IMPLICIT_RETAIN_SELF = YES;
				CLANG_WARN_OBJC_LITERAL_CONVERSION = YES;
				CLANG_WARN_OBJC_ROOT_CLASS = YES_ERROR;
				CLANG_WARN_QUOTED_INCLUDE_IN_FRAMEWORK_HEADER = YES;
				CLANG_WARN_RANGE_LOOP_ANALYSIS = YES;
				CLANG_WARN_STRICT_PROTOTYPES = YES;
				CLANG_WARN_SUSPICIOUS_MOVE = YES;
				CLANG_WARN_UNGUARDED_AVAILABILITY = YES_AGGRESSIVE;
				CLANG_WARN_UNREACHABLE_CODE = YES;
				CLANG_WARN__DUPLICATE_METHOD_MATCH = YES;
				COPY_PHASE_STRIP = NO;
				DEBUG_INFORMATION_FORMAT = dwarf;
				ENABLE_STRICT_OBJC_MSGSEND = YES;
				ENABLE_TESTABILITY = YES;
				ENABLE_USER_SCRIPT_SANDBOXING = YES;
				GCC_C_LANGUAGE_STANDARD = gnu17;
				GCC_DYNAMIC_NO_PIC = NO;
				GCC_NO_COMMON_BLOCKS = YES;
				GCC_OPTIMIZATION_LEVEL = 0;
				GCC_PREPROCESSOR_DEFINITIONS = (
					"DEBUG=1",
					"$(inherited)",
				);
				GCC_WARN_64_TO_32_BIT_CONVERSION = YES;
				GCC_WARN_ABOUT_RETURN_TYPE = YES_ERROR;
				GCC_WARN_UNDECLARED_SELECTOR = YES;
				GCC_WARN_UNINITIALIZED_AUTOS = YES_AGGRESSIVE;
				GCC_WARN_UNUSED_FUNCTION = YES;
				GCC_WARN_UNUSED_VARIABLE = YES;
				IPHONEOS_DEPLOYMENT_TARGET = 13.0;
				LOCALIZATION_PREFERS_STRING_CATALOGS = YES;
				MTL_ENABLE_DEBUG_INFO = INCLUDE_SOURCE;
				MTL_FAST_MATH = YES;
				ONLY_ACTIVE_ARCH = YES;
				SDKROOT = iphoneos;
				SWIFT_ACTIVE_COMPILATION_CONDITIONS = "DEBUG $(inherited)";
				SWIFT_OPTIMIZATION_LEVEL = "-Onone";
			};
			name = Debug;
		};
		C5845CE42C1A84CF00344EAA /* Release */ = {
			isa = XCBuildConfiguration;
			buildSettings = {
				ALWAYS_SEARCH_USER_PATHS = NO;
				ASSETCATALOG_COMPILER_GENERATE_SWIFT_ASSET_SYMBOL_EXTENSIONS = YES;
				CLANG_ANALYZER_NONNULL = YES;
				CLANG_ANALYZER_NUMBER_OBJECT_CONVERSION = YES_AGGRESSIVE;
				CLANG_CXX_LANGUAGE_STANDARD = "gnu++20";
				CLANG_ENABLE_MODULES = YES;
				CLANG_ENABLE_OBJC_ARC = YES;
				CLANG_ENABLE_OBJC_WEAK = YES;
				CLANG_WARN_BLOCK_CAPTURE_AUTORELEASING = YES;
				CLANG_WARN_BOOL_CONVERSION = YES;
				CLANG_WARN_COMMA = YES;
				CLANG_WARN_CONSTANT_CONVERSION = YES;
				CLANG_WARN_DEPRECATED_OBJC_IMPLEMENTATIONS = YES;
				CLANG_WARN_DIRECT_OBJC_ISA_USAGE = YES_ERROR;
				CLANG_WARN_DOCUMENTATION_COMMENTS = YES;
				CLANG_WARN_EMPTY_BODY = YES;
				CLANG_WARN_ENUM_CONVERSION = YES;
				CLANG_WARN_INFINITE_RECURSION = YES;
				CLANG_WARN_INT_CONVERSION = YES;
				CLANG_WARN_NON_LITERAL_NULL_CONVERSION = YES;
				CLANG_WARN_OBJC_IMPLICIT_RETAIN_SELF = YES;
				CLANG_WARN_OBJC_LITERAL_CONVERSION = YES;
				CLANG_WARN_OBJC_ROOT_CLASS = YES_ERROR;
				CLANG_WARN_QUOTED_INCLUDE_IN_FRAMEWORK_HEADER = YES;
				CLANG_WARN_RANGE_LOOP_ANALYSIS = YES;
				CLANG_WARN_STRICT_PROTOTYPES = YES;
				CLANG_WARN_SUSPICIOUS_MOVE = YES;
				CLANG_WARN_UNGUARDED_AVAILABILITY = YES_AGGRESSIVE;
				CLANG_WARN_UNREACHABLE_CODE = YES;
				CLANG_WARN__DUPLICATE_METHOD_MATCH = YES;
				COPY_PHASE_STRIP = NO;
				DEBUG_INFORMATION_FORMAT = "dwarf-with-dsym";
				ENABLE_NS_ASSERTIONS = NO;
				ENABLE_STRICT_OBJC_MSGSEND = YES;
				ENABLE_USER_SCRIPT_SANDBOXING = YES;
				GCC_C_LANGUAGE_STANDARD = gnu17;
				GCC_NO_COMMON_BLOCKS = YES;
				GCC_WARN_64_TO_32_BIT_CONVERSION = YES;
				GCC_WARN_ABOUT_RETURN_TYPE = YES_ERROR;
				GCC_WARN_UNDECLARED_SELECTOR = YES;
				GCC_WARN_UNINITIALIZED_AUTOS = YES_AGGRESSIVE;
				GCC_WARN_UNUSED_FUNCTION = YES;
				GCC_WARN_UNUSED_VARIABLE = YES;
				IPHONEOS_DEPLOYMENT_TARGET = 13.0;
				LOCALIZATION_PREFERS_STRING_CATALOGS = YES;
				MTL_ENABLE_DEBUG_INFO = NO;
				MTL_FAST_MATH = YES;
				SDKROOT = iphoneos;
				SWIFT_COMPILATION_MODE = wholemodule;
				VALIDATE_PRODUCT = YES;
			};
			name = Release;
		};
		C5845CE62C1A84CF00344EAA /* Debug */ = {
			isa = XCBuildConfiguration;
			buildSettings = {
				ASSETCATALOG_COMPILER_APPICON_NAME = AppIcon;
				ASSETCATALOG_COMPILER_GLOBAL_ACCENT_COLOR_NAME = AccentColor;
				CODE_SIGN_STYLE = Automatic;
				CURRENT_PROJECT_VERSION = 1;
				DEVELOPMENT_TEAM = AJ85923B38;
				GENERATE_INFOPLIST_FILE = YES;
				INFOPLIST_FILE = HurbTravel/Info.plist;
				INFOPLIST_KEY_UIApplicationSupportsIndirectInputEvents = YES;
				INFOPLIST_KEY_UILaunchStoryboardName = LaunchScreen;
				INFOPLIST_KEY_UIMainStoryboardFile = AccommodationDetails;
				INFOPLIST_KEY_UISupportedInterfaceOrientations_iPad = "UIInterfaceOrientationPortrait UIInterfaceOrientationPortraitUpsideDown UIInterfaceOrientationLandscapeLeft UIInterfaceOrientationLandscapeRight";
				INFOPLIST_KEY_UISupportedInterfaceOrientations_iPhone = "UIInterfaceOrientationPortrait UIInterfaceOrientationLandscapeLeft UIInterfaceOrientationLandscapeRight";
				LD_RUNPATH_SEARCH_PATHS = (
					"$(inherited)",
					"@executable_path/Frameworks",
				);
				MARKETING_VERSION = 1.0;
				PRODUCT_BUNDLE_IDENTIFIER = MatheusFerreira.HurbTravel;
				PRODUCT_NAME = "$(TARGET_NAME)";
				SWIFT_EMIT_LOC_STRINGS = YES;
				SWIFT_VERSION = 5.0;
				TARGETED_DEVICE_FAMILY = "1,2";
			};
			name = Debug;
		};
		C5845CE72C1A84CF00344EAA /* Release */ = {
			isa = XCBuildConfiguration;
			buildSettings = {
				ASSETCATALOG_COMPILER_APPICON_NAME = AppIcon;
				ASSETCATALOG_COMPILER_GLOBAL_ACCENT_COLOR_NAME = AccentColor;
				CODE_SIGN_STYLE = Automatic;
				CURRENT_PROJECT_VERSION = 1;
				DEVELOPMENT_TEAM = AJ85923B38;
				GENERATE_INFOPLIST_FILE = YES;
				INFOPLIST_FILE = HurbTravel/Info.plist;
				INFOPLIST_KEY_UIApplicationSupportsIndirectInputEvents = YES;
				INFOPLIST_KEY_UILaunchStoryboardName = LaunchScreen;
				INFOPLIST_KEY_UIMainStoryboardFile = AccommodationDetails;
				INFOPLIST_KEY_UISupportedInterfaceOrientations_iPad = "UIInterfaceOrientationPortrait UIInterfaceOrientationPortraitUpsideDown UIInterfaceOrientationLandscapeLeft UIInterfaceOrientationLandscapeRight";
				INFOPLIST_KEY_UISupportedInterfaceOrientations_iPhone = "UIInterfaceOrientationPortrait UIInterfaceOrientationLandscapeLeft UIInterfaceOrientationLandscapeRight";
				LD_RUNPATH_SEARCH_PATHS = (
					"$(inherited)",
					"@executable_path/Frameworks",
				);
				MARKETING_VERSION = 1.0;
				PRODUCT_BUNDLE_IDENTIFIER = MatheusFerreira.HurbTravel;
				PRODUCT_NAME = "$(TARGET_NAME)";
				SWIFT_EMIT_LOC_STRINGS = YES;
				SWIFT_VERSION = 5.0;
				TARGETED_DEVICE_FAMILY = "1,2";
			};
			name = Release;
		};
		C5845CE92C1A84CF00344EAA /* Debug */ = {
			isa = XCBuildConfiguration;
			buildSettings = {
				ALWAYS_EMBED_SWIFT_STANDARD_LIBRARIES = YES;
				BUNDLE_LOADER = "$(TEST_HOST)";
				CODE_SIGN_STYLE = Automatic;
				CURRENT_PROJECT_VERSION = 1;
				DEVELOPMENT_TEAM = AJ85923B38;
				GENERATE_INFOPLIST_FILE = YES;
				IPHONEOS_DEPLOYMENT_TARGET = 17.4;
				MARKETING_VERSION = 1.0;
				PRODUCT_BUNDLE_IDENTIFIER = MatheusFerreira.HurbTravelTests;
				PRODUCT_NAME = "$(TARGET_NAME)";
				SWIFT_EMIT_LOC_STRINGS = NO;
				SWIFT_VERSION = 5.0;
				TARGETED_DEVICE_FAMILY = "1,2";
				TEST_HOST = "$(BUILT_PRODUCTS_DIR)/HurbTravel.app/$(BUNDLE_EXECUTABLE_FOLDER_PATH)/HurbTravel";
			};
			name = Debug;
		};
		C5845CEA2C1A84CF00344EAA /* Release */ = {
			isa = XCBuildConfiguration;
			buildSettings = {
				ALWAYS_EMBED_SWIFT_STANDARD_LIBRARIES = YES;
				BUNDLE_LOADER = "$(TEST_HOST)";
				CODE_SIGN_STYLE = Automatic;
				CURRENT_PROJECT_VERSION = 1;
				DEVELOPMENT_TEAM = AJ85923B38;
				GENERATE_INFOPLIST_FILE = YES;
				IPHONEOS_DEPLOYMENT_TARGET = 17.4;
				MARKETING_VERSION = 1.0;
				PRODUCT_BUNDLE_IDENTIFIER = MatheusFerreira.HurbTravelTests;
				PRODUCT_NAME = "$(TARGET_NAME)";
				SWIFT_EMIT_LOC_STRINGS = NO;
				SWIFT_VERSION = 5.0;
				TARGETED_DEVICE_FAMILY = "1,2";
				TEST_HOST = "$(BUILT_PRODUCTS_DIR)/HurbTravel.app/$(BUNDLE_EXECUTABLE_FOLDER_PATH)/HurbTravel";
			};
			name = Release;
		};
/* End XCBuildConfiguration section */

/* Begin XCConfigurationList section */
		C5845CB62C1A84CD00344EAA /* Build configuration list for PBXProject "HurbTravel" */ = {
			isa = XCConfigurationList;
			buildConfigurations = (
				C5845CE32C1A84CF00344EAA /* Debug */,
				C5845CE42C1A84CF00344EAA /* Release */,
			);
			defaultConfigurationIsVisible = 0;
			defaultConfigurationName = Release;
		};
		C5845CE52C1A84CF00344EAA /* Build configuration list for PBXNativeTarget "HurbTravel" */ = {
			isa = XCConfigurationList;
			buildConfigurations = (
				C5845CE62C1A84CF00344EAA /* Debug */,
				C5845CE72C1A84CF00344EAA /* Release */,
			);
			defaultConfigurationIsVisible = 0;
			defaultConfigurationName = Release;
		};
		C5845CE82C1A84CF00344EAA /* Build configuration list for PBXNativeTarget "HurbTravelTests" */ = {
			isa = XCConfigurationList;
			buildConfigurations = (
				C5845CE92C1A84CF00344EAA /* Debug */,
				C5845CEA2C1A84CF00344EAA /* Release */,
			);
			defaultConfigurationIsVisible = 0;
			defaultConfigurationName = Release;
		};
/* End XCConfigurationList section */

/* Begin XCLocalSwiftPackageReference section */
		C543F7D02C1BBD4D00CE4C5B /* XCLocalSwiftPackageReference "Modules/HUNetwork" */ = {
			isa = XCLocalSwiftPackageReference;
			relativePath = Modules/HUNetwork;
		};
/* End XCLocalSwiftPackageReference section */

/* Begin XCRemoteSwiftPackageReference section */
		C543F7982C1BAB3000CE4C5B /* XCRemoteSwiftPackageReference "Kingfisher" */ = {
			isa = XCRemoteSwiftPackageReference;
			repositoryURL = "https://github.com/onevcat/Kingfisher.git";
			requirement = {
				kind = upToNextMajorVersion;
				minimumVersion = 7.12.0;
			};
		};
		C543F8072C1BD24B00CE4C5B /* XCRemoteSwiftPackageReference "SkeletonView" */ = {
			isa = XCRemoteSwiftPackageReference;
			repositoryURL = "https://github.com/Juanpe/SkeletonView.git";
			requirement = {
				kind = upToNextMajorVersion;
				minimumVersion = 1.31.0;
			};
		};
/* End XCRemoteSwiftPackageReference section */

/* Begin XCSwiftPackageProductDependency section */
		C543F7992C1BAB3000CE4C5B /* Kingfisher */ = {
			isa = XCSwiftPackageProductDependency;
			package = C543F7982C1BAB3000CE4C5B /* XCRemoteSwiftPackageReference "Kingfisher" */;
			productName = Kingfisher;
		};
		C543F7D12C1BBD4D00CE4C5B /* HUGraphQL */ = {
			isa = XCSwiftPackageProductDependency;
			productName = HUGraphQL;
		};
		C543F8082C1BD24B00CE4C5B /* SkeletonView */ = {
			isa = XCSwiftPackageProductDependency;
			package = C543F8072C1BD24B00CE4C5B /* XCRemoteSwiftPackageReference "SkeletonView" */;
			productName = SkeletonView;
		};
/* End XCSwiftPackageProductDependency section */
	};
	rootObject = C5845CB32C1A84CD00344EAA /* Project object */;
}
